
Microsoft Visual Studio Solution File, Format Version 12.00
# Visual Studio Version 17
VisualStudioVersion = 17.4.33110.190
MinimumVisualStudioVersion = 10.0.40219.1
Project("{FAE04EC0-301F-11D3-BF4B-00C04F79EFBC}") = "TransConnect", "TransConnect.csproj", "{5FACBAFC-3F72-47EF-BFF2-BEB0239AB9EE}"
EndProject
Global
	GlobalSection(SolutionConfigurationPlatforms) = preSolution
		Debug|Any CPU = Debug|Any CPU
		Release|Any CPU = Release|Any CPU
	EndGlobalSection
	GlobalSection(ProjectConfigurationPlatforms) = postSolution
		{5FACBAFC-3F72-47EF-BFF2-BEB0239AB9EE}.Debug|Any CPU.ActiveCfg = Debug|Any CPU
		{5FACBAFC-3F72-47EF-BFF2-BEB0239AB9EE}.Debug|Any CPU.Build.0 = Debug|Any CPU
		{5FACBAFC-3F72-47EF-BFF2-BEB0239AB9EE}.Release|Any CPU.ActiveCfg = Release|Any CPU
		{5FACBAFC-3F72-47EF-BFF2-BEB0239AB9EE}.Release|Any CPU.Build.0 = Release|Any CPU
	EndGlobalSection
	GlobalSection(SolutionProperties) = preSolution
		HideSolutionNode = FALSE
	EndGlobalSection
	GlobalSection(ExtensibilityGlobals) = postSolution
		SolutionGuid = {BB0B7085-ED01-46B0-887A-83CF235A675A}
	EndGlobalSection
EndGlobal
